// !$*UTF8*$!
{
	archiveVersion = 1;
	classes = {
	};
	objectVersion = 50;
	objects = {

/* Begin PBXBuildFile section */
		EFF16E8926533A5400D96C79 /* AppDelegate.swift in Sources */ = {isa = PBXBuildFile; fileRef = EFF16E8826533A5400D96C79 /* AppDelegate.swift */; };
		EFF16E8B26533A5400D96C79 /* SceneDelegate.swift in Sources */ = {isa = PBXBuildFile; fileRef = EFF16E8A26533A5400D96C79 /* SceneDelegate.swift */; };
		EFF16E9026533A5400D96C79 /* Main.storyboard in Resources */ = {isa = PBXBuildFile; fileRef = EFF16E8E26533A5400D96C79 /* Main.storyboard */; };
		EFF16E9226533A5500D96C79 /* Assets.xcassets in Resources */ = {isa = PBXBuildFile; fileRef = EFF16E9126533A5500D96C79 /* Assets.xcassets */; };
		EFF16E9526533A5500D96C79 /* LaunchScreen.storyboard in Resources */ = {isa = PBXBuildFile; fileRef = EFF16E9326533A5500D96C79 /* LaunchScreen.storyboard */; };
		EFF16E9D26533AA200D96C79 /* ToDo.swift in Sources */ = {isa = PBXBuildFile; fileRef = EFF16E9C26533AA200D96C79 /* ToDo.swift */; };
		EFF16E9F26533B6200D96C79 /* TabBarViewController.swift in Sources */ = {isa = PBXBuildFile; fileRef = EFF16E9E26533B6200D96C79 /* TabBarViewController.swift */; };
		EFF16EA126533F5900D96C79 /* PriorityToDoTableViewController.swift in Sources */ = {isa = PBXBuildFile; fileRef = EFF16EA026533F5900D96C79 /* PriorityToDoTableViewController.swift */; };
		EFF16EA326533FC400D96C79 /* DueToDoTableViewController.swift in Sources */ = {isa = PBXBuildFile; fileRef = EFF16EA226533FC400D96C79 /* DueToDoTableViewController.swift */; };
		EFF16EA52653405E00D96C79 /* PriorityToDoCell.swift in Sources */ = {isa = PBXBuildFile; fileRef = EFF16EA42653405E00D96C79 /* PriorityToDoCell.swift */; };
		EFF16EA72653407D00D96C79 /* DueToDoCell.swift in Sources */ = {isa = PBXBuildFile; fileRef = EFF16EA62653407D00D96C79 /* DueToDoCell.swift */; };
		EFF16EA926536C5300D96C79 /* ToDoDetailTableViewController.swift in Sources */ = {isa = PBXBuildFile; fileRef = EFF16EA826536C5300D96C79 /* ToDoDetailTableViewController.swift */; };
/* End PBXBuildFile section */

/* Begin PBXFileReference section */
		EFF16E8526533A5400D96C79 /* Assignment6-ToDo-UITableViewController.app */ = {isa = PBXFileReference; explicitFileType = wrapper.application; includeInIndex = 0; path = "Assignment6-ToDo-UITableViewController.app"; sourceTree = BUILT_PRODUCTS_DIR; };
		EFF16E8826533A5400D96C79 /* AppDelegate.swift */ = {isa = PBXFileReference; lastKnownFileType = sourcecode.swift; path = AppDelegate.swift; sourceTree = "<group>"; };
		EFF16E8A26533A5400D96C79 /* SceneDelegate.swift */ = {isa = PBXFileReference; lastKnownFileType = sourcecode.swift; path = SceneDelegate.swift; sourceTree = "<group>"; };
		EFF16E8F26533A5400D96C79 /* Base */ = {isa = PBXFileReference; lastKnownFileType = file.storyboard; name = Base; path = Base.lproj/Main.storyboard; sourceTree = "<group>"; };
		EFF16E9126533A5500D96C79 /* Assets.xcassets */ = {isa = PBXFileReference; lastKnownFileType = folder.assetcatalog; path = Assets.xcassets; sourceTree = "<group>"; };
		EFF16E9426533A5500D96C79 /* Base */ = {isa = PBXFileReference; lastKnownFileType = file.storyboard; name = Base; path = Base.lproj/LaunchScreen.storyboard; sourceTree = "<group>"; };
		EFF16E9626533A5500D96C79 /* Info.plist */ = {isa = PBXFileReference; lastKnownFileType = text.plist.xml; path = Info.plist; sourceTree = "<group>"; };
		EFF16E9C26533AA200D96C79 /* ToDo.swift */ = {isa = PBXFileReference; lastKnownFileType = sourcecode.swift; path = ToDo.swift; sourceTree = "<group>"; };
		EFF16E9E26533B6200D96C79 /* TabBarViewController.swift */ = {isa = PBXFileReference; lastKnownFileType = sourcecode.swift; path = TabBarViewController.swift; sourceTree = "<group>"; };
		EFF16EA026533F5900D96C79 /* PriorityToDoTableViewController.swift */ = {isa = PBXFileReference; lastKnownFileType = sourcecode.swift; path = PriorityToDoTableViewController.swift; sourceTree = "<group>"; };
		EFF16EA226533FC400D96C79 /* DueToDoTableViewController.swift */ = {isa = PBXFileReference; lastKnownFileType = sourcecode.swift; path = DueToDoTableViewController.swift; sourceTree = "<group>"; };
		EFF16EA42653405E00D96C79 /* PriorityToDoCell.swift */ = {isa = PBXFileReference; lastKnownFileType = sourcecode.swift; path = PriorityToDoCell.swift; sourceTree = "<group>"; };
		EFF16EA62653407D00D96C79 /* DueToDoCell.swift */ = {isa = PBXFileReference; lastKnownFileType = sourcecode.swift; path = DueToDoCell.swift; sourceTree = "<group>"; };
		EFF16EA826536C5300D96C79 /* ToDoDetailTableViewController.swift */ = {isa = PBXFileReference; lastKnownFileType = sourcecode.swift; path = ToDoDetailTableViewController.swift; sourceTree = "<group>"; };
/* End PBXFileReference section */

/* Begin PBXFrameworksBuildPhase section */
		EFF16E8226533A5400D96C79 /* Frameworks */ = {
			isa = PBXFrameworksBuildPhase;
			buildActionMask = 2147483647;
			files = (
			);
			runOnlyForDeploymentPostprocessing = 0;
		};
/* End PBXFrameworksBuildPhase section */

/* Begin PBXGroup section */
		EFF16E7C26533A5400D96C79 = {
			isa = PBXGroup;
			children = (
				EFF16E8726533A5400D96C79 /* Assignment6-ToDo-UITableViewController */,
				EFF16E8626533A5400D96C79 /* Products */,
			);
			sourceTree = "<group>";
		};
		EFF16E8626533A5400D96C79 /* Products */ = {
			isa = PBXGroup;
			children = (
				EFF16E8526533A5400D96C79 /* Assignment6-ToDo-UITableViewController.app */,
			);
			name = Products;
			sourceTree = "<group>";
		};
		EFF16E8726533A5400D96C79 /* Assignment6-ToDo-UITableViewController */ = {
			isa = PBXGroup;
			children = (
				EFF16E8826533A5400D96C79 /* AppDelegate.swift */,
				EFF16E8A26533A5400D96C79 /* SceneDelegate.swift */,
				EFF16E9E26533B6200D96C79 /* TabBarViewController.swift */,
				EFF16E9C26533AA200D96C79 /* ToDo.swift */,
				EFF16EA42653405E00D96C79 /* PriorityToDoCell.swift */,
				EFF16EA026533F5900D96C79 /* PriorityToDoTableViewController.swift */,
				EFF16EA62653407D00D96C79 /* DueToDoCell.swift */,
				EFF16EA226533FC400D96C79 /* DueToDoTableViewController.swift */,
				EFF16EA826536C5300D96C79 /* ToDoDetailTableViewController.swift */,
				EFF16E8E26533A5400D96C79 /* Main.storyboard */,
				EFF16E9326533A5500D96C79 /* LaunchScreen.storyboard */,
				EFF16E9126533A5500D96C79 /* Assets.xcassets */,
				EFF16E9626533A5500D96C79 /* Info.plist */,
			);
			path = "Assignment6-ToDo-UITableViewController";
			sourceTree = "<group>";
		};
/* End PBXGroup section */

/* Begin PBXNativeTarget section */
		EFF16E8426533A5400D96C79 /* Assignment6-ToDo-UITableViewController */ = {
			isa = PBXNativeTarget;
			buildConfigurationList = EFF16E9926533A5500D96C79 /* Build configuration list for PBXNativeTarget "Assignment6-ToDo-UITableViewController" */;
			buildPhases = (
				EFF16E8126533A5400D96C79 /* Sources */,
				EFF16E8226533A5400D96C79 /* Frameworks */,
				EFF16E8326533A5400D96C79 /* Resources */,
			);
			buildRules = (
			);
			dependencies = (
			);
			name = "Assignment6-ToDo-UITableViewController";
			productName = "Assignment6-ToDo-UITableViewController";
			productReference = EFF16E8526533A5400D96C79 /* Assignment6-ToDo-UITableViewController.app */;
			productType = "com.apple.product-type.application";
		};
/* End PBXNativeTarget section */

/* Begin PBXProject section */
		EFF16E7D26533A5400D96C79 /* Project object */ = {
			isa = PBXProject;
			attributes = {
				LastSwiftUpdateCheck = 1250;
				LastUpgradeCheck = 1250;
				TargetAttributes = {
					EFF16E8426533A5400D96C79 = {
						CreatedOnToolsVersion = 12.5;
					};
				};
			};
			buildConfigurationList = EFF16E8026533A5400D96C79 /* Build configuration list for PBXProject "Assignment6-ToDo-UITableViewController" */;
			compatibilityVersion = "Xcode 9.3";
			developmentRegion = en;
			hasScannedForEncodings = 0;
			knownRegions = (
				en,
				Base,
			);
			mainGroup = EFF16E7C26533A5400D96C79;
			productRefGroup = EFF16E8626533A5400D96C79 /* Products */;
			projectDirPath = "";
			projectRoot = "";
			targets = (
				EFF16E8426533A5400D96C79 /* Assignment6-ToDo-UITableViewController */,
			);
		};
/* End PBXProject section */

/* Begin PBXResourcesBuildPhase section */
		EFF16E8326533A5400D96C79 /* Resources */ = {
			isa = PBXResourcesBuildPhase;
			buildActionMask = 2147483647;
			files = (
				EFF16E9526533A5500D96C79 /* LaunchScreen.storyboard in Resources */,
				EFF16E9226533A5500D96C79 /* Assets.xcassets in Resources */,
				EFF16E9026533A5400D96C79 /* Main.storyboard in Resources */,
			);
			runOnlyForDeploymentPostprocessing = 0;
		};
/* End PBXResourcesBuildPhase section */

/* Begin PBXSourcesBuildPhase section */
		EFF16E8126533A5400D96C79 /* Sources */ = {
			isa = PBXSourcesBuildPhase;
			buildActionMask = 2147483647;
			files = (
				EFF16EA926536C5300D96C79 /* ToDoDetailTableViewController.swift in Sources */,
				EFF16EA72653407D00D96C79 /* DueToDoCell.swift in Sources */,
				EFF16E8926533A5400D96C79 /* AppDelegate.swift in Sources */,
				EFF16EA126533F5900D96C79 /* PriorityToDoTableViewController.swift in Sources */,
				EFF16E8B26533A5400D96C79 /* SceneDelegate.swift in Sources */,
				EFF16E9F26533B6200D96C79 /* TabBarViewController.swift in Sources */,
				EFF16EA326533FC400D96C79 /* DueToDoTableViewController.swift in Sources */,
				EFF16EA52653405E00D96C79 /* PriorityToDoCell.swift in Sources */,
				EFF16E9D26533AA200D96C79 /* ToDo.swift in Sources */,
			);
			runOnlyForDeploymentPostprocessing = 0;
		};
/* End PBXSourcesBuildPhase section */

/* Begin PBXVariantGroup section */
		EFF16E8E26533A5400D96C79 /* Main.storyboard */ = {
			isa = PBXVariantGroup;
			children = (
				EFF16E8F26533A5400D96C79 /* Base */,
			);
			name = Main.storyboard;
			sourceTree = "<group>";
		};
		EFF16E9326533A5500D96C79 /* LaunchScreen.storyboard */ = {
			isa = PBXVariantGroup;
			children = (
				EFF16E9426533A5500D96C79 /* Base */,
			);
			name = LaunchScreen.storyboard;
			sourceTree = "<group>";
		};
/* End PBXVariantGroup section */

/* Begin XCBuildConfiguration section */
		EFF16E9726533A5500D96C79 /* Debug */ = {
			isa = XCBuildConfiguration;
			buildSettings = {
				ALWAYS_SEARCH_USER_PATHS = NO;
				CLANG_ANALYZER_NONNULL = YES;
				CLANG_ANALYZER_NUMBER_OBJECT_CONVERSION = YES_AGGRESSIVE;
				CLANG_CXX_LANGUAGE_STANDARD = "gnu++14";
				CLANG_CXX_LIBRARY = "libc++";
				CLANG_ENABLE_MODULES = YES;
				CLANG_ENABLE_OBJC_ARC = YES;
				CLANG_ENABLE_OBJC_WEAK = YES;
				CLANG_WARN_BLOCK_CAPTURE_AUTORELEASING = YES;
				CLANG_WARN_BOOL_CONVERSION = YES;
				CLANG_WARN_COMMA = YES;
				CLANG_WARN_CONSTANT_CONVERSION = YES;
				CLANG_WARN_DEPRECATED_OBJC_IMPLEMENTATIONS = YES;
				CLANG_WARN_DIRECT_OBJC_ISA_USAGE = YES_ERROR;
				CLANG_WARN_DOCUMENTATION_COMMENTS = YES;
				CLANG_WARN_EMPTY_BODY = YES;
				CLANG_WARN_ENUM_CONVERSION = YES;
				CLANG_WARN_INFINITE_RECURSION = YES;
				CLANG_WARN_INT_CONVERSION = YES;
				CLANG_WARN_NON_LITERAL_NULL_CONVERSION = YES;
				CLANG_WARN_OBJC_IMPLICIT_RETAIN_SELF = YES;
				CLANG_WARN_OBJC_LITERAL_CONVERSION = YES;
				CLANG_WARN_OBJC_ROOT_CLASS = YES_ERROR;
				CLANG_WARN_QUOTED_INCLUDE_IN_FRAMEWORK_HEADER = YES;
				CLANG_WARN_RANGE_LOOP_ANALYSIS = YES;
				CLANG_WARN_STRICT_PROTOTYPES = YES;
				CLANG_WARN_SUSPICIOUS_MOVE = YES;
				CLANG_WARN_UNGUARDED_AVAILABILITY = YES_AGGRESSIVE;
				CLANG_WARN_UNREACHABLE_CODE = YES;
				CLANG_WARN__DUPLICATE_METHOD_MATCH = YES;
				COPY_PHASE_STRIP = NO;
				DEBUG_INFORMATION_FORMAT = dwarf;
				ENABLE_STRICT_OBJC_MSGSEND = YES;
				ENABLE_TESTABILITY = YES;
				GCC_C_LANGUAGE_STANDARD = gnu11;
				GCC_DYNAMIC_NO_PIC = NO;
				GCC_NO_COMMON_BLOCKS = YES;
				GCC_OPTIMIZATION_LEVEL = 0;
				GCC_PREPROCESSOR_DEFINITIONS = (
					"DEBUG=1",
					"$(inherited)",
				);
				GCC_WARN_64_TO_32_BIT_CONVERSION = YES;
				GCC_WARN_ABOUT_RETURN_TYPE = YES_ERROR;
				GCC_WARN_UNDECLARED_SELECTOR = YES;
				GCC_WARN_UNINITIALIZED_AUTOS = YES_AGGRESSIVE;
				GCC_WARN_UNUSED_FUNCTION = YES;
				GCC_WARN_UNUSED_VARIABLE = YES;
				IPHONEOS_DEPLOYMENT_TARGET = 14.5;
				MTL_ENABLE_DEBUG_INFO = INCLUDE_SOURCE;
				MTL_FAST_MATH = YES;
				ONLY_ACTIVE_ARCH = YES;
				SDKROOT = iphoneos;
				SWIFT_ACTIVE_COMPILATION_CONDITIONS = DEBUG;
				SWIFT_OPTIMIZATION_LEVEL = "-Onone";
			};
			name = Debug;
		};
		EFF16E9826533A5500D96C79 /* Release */ = {
			isa = XCBuildConfiguration;
			buildSettings = {
				ALWAYS_SEARCH_USER_PATHS = NO;
				CLANG_ANALYZER_NONNULL = YES;
				CLANG_ANALYZER_NUMBER_OBJECT_CONVERSION = YES_AGGRESSIVE;
				CLANG_CXX_LANGUAGE_STANDARD = "gnu++14";
				CLANG_CXX_LIBRARY = "libc++";
				CLANG_ENABLE_MODULES = YES;
				CLANG_ENABLE_OBJC_ARC = YES;
				CLANG_ENABLE_OBJC_WEAK = YES;
				CLANG_WARN_BLOCK_CAPTURE_AUTORELEASING = YES;
				CLANG_WARN_BOOL_CONVERSION = YES;
				CLANG_WARN_COMMA = YES;
				CLANG_WARN_CONSTANT_CONVERSION = YES;
				CLANG_WARN_DEPRECATED_OBJC_IMPLEMENTATIONS = YES;
				CLANG_WARN_DIRECT_OBJC_ISA_USAGE = YES_ERROR;
				CLANG_WARN_DOCUMENTATION_COMMENTS = YES;
				CLANG_WARN_EMPTY_BODY = YES;
				CLANG_WARN_ENUM_CONVERSION = YES;
				CLANG_WARN_INFINITE_RECURSION = YES;
				CLANG_WARN_INT_CONVERSION = YES;
				CLANG_WARN_NON_LITERAL_NULL_CONVERSION = YES;
				CLANG_WARN_OBJC_IMPLICIT_RETAIN_SELF = YES;
				CLANG_WARN_OBJC_LITERAL_CONVERSION = YES;
				CLANG_WARN_OBJC_ROOT_CLASS = YES_ERROR;
				CLANG_WARN_QUOTED_INCLUDE_IN_FRAMEWORK_HEADER = YES;
				CLANG_WARN_RANGE_LOOP_ANALYSIS = YES;
				CLANG_WARN_STRICT_PROTOTYPES = YES;
				CLANG_WARN_SUSPICIOUS_MOVE = YES;
				CLANG_WARN_UNGUARDED_AVAILABILITY = YES_AGGRESSIVE;
				CLANG_WARN_UNREACHABLE_CODE = YES;
				CLANG_WARN__DUPLICATE_METHOD_MATCH = YES;
				COPY_PHASE_STRIP = NO;
				DEBUG_INFORMATION_FORMAT = "dwarf-with-dsym";
				ENABLE_NS_ASSERTIONS = NO;
				ENABLE_STRICT_OBJC_MSGSEND = YES;
				GCC_C_LANGUAGE_STANDARD = gnu11;
				GCC_NO_COMMON_BLOCKS = YES;
				GCC_WARN_64_TO_32_BIT_CONVERSION = YES;
				GCC_WARN_ABOUT_RETURN_TYPE = YES_ERROR;
				GCC_WARN_UNDECLARED_SELECTOR = YES;
				GCC_WARN_UNINITIALIZED_AUTOS = YES_AGGRESSIVE;
				GCC_WARN_UNUSED_FUNCTION = YES;
				GCC_WARN_UNUSED_VARIABLE = YES;
				IPHONEOS_DEPLOYMENT_TARGET = 14.5;
				MTL_ENABLE_DEBUG_INFO = NO;
				MTL_FAST_MATH = YES;
				SDKROOT = iphoneos;
				SWIFT_COMPILATION_MODE = wholemodule;
				SWIFT_OPTIMIZATION_LEVEL = "-O";
				VALIDATE_PRODUCT = YES;
			};
			name = Release;
		};
		EFF16E9A26533A5500D96C79 /* Debug */ = {
			isa = XCBuildConfiguration;
			buildSettings = {
				ASSETCATALOG_COMPILER_APPICON_NAME = AppIcon;
				ASSETCATALOG_COMPILER_GLOBAL_ACCENT_COLOR_NAME = AccentColor;
				CODE_SIGN_STYLE = Automatic;
				DEVELOPMENT_TEAM = 3YU877859X;
				INFOPLIST_FILE = "Assignment6-ToDo-UITableViewController/Info.plist";
				LD_RUNPATH_SEARCH_PATHS = (
					"$(inherited)",
					"@executable_path/Frameworks",
				);
				PRODUCT_BUNDLE_IDENTIFIER = "com.erikdesk.Assignment6-ToDo-UITableViewController";
				PRODUCT_NAME = "$(TARGET_NAME)";
				SWIFT_VERSION = 5.0;
				TARGETED_DEVICE_FAMILY = 1;
			};
			name = Debug;
		};
		EFF16E9B26533A5500D96C79 /* Release */ = {
			isa = XCBuildConfiguration;
			buildSettings = {
				ASSETCATALOG_COMPILER_APPICON_NAME = AppIcon;
				ASSETCATALOG_COMPILER_GLOBAL_ACCENT_COLOR_NAME = AccentColor;
				CODE_SIGN_STYLE = Automatic;
				DEVELOPMENT_TEAM = 3YU877859X;
				INFOPLIST_FILE = "Assignment6-ToDo-UITableViewController/Info.plist";
				LD_RUNPATH_SEARCH_PATHS = (
					"$(inherited)",
					"@executable_path/Frameworks",
				);
				PRODUCT_BUNDLE_IDENTIFIER = "com.erikdesk.Assignment6-ToDo-UITableViewController";
				PRODUCT_NAME = "$(TARGET_NAME)";
				SWIFT_VERSION = 5.0;
				TARGETED_DEVICE_FAMILY = 1;
			};
			name = Release;
		};
/* End XCBuildConfiguration section */

/* Begin XCConfigurationList section */
		EFF16E8026533A5400D96C79 /* Build configuration list for PBXProject "Assignment6-ToDo-UITableViewController" */ = {
			isa = XCConfigurationList;
			buildConfigurations = (
				EFF16E9726533A5500D96C79 /* Debug */,
				EFF16E9826533A5500D96C79 /* Release */,
			);
			defaultConfigurationIsVisible = 0;
			defaultConfigurationName = Release;
		};
		EFF16E9926533A5500D96C79 /* Build configuration list for PBXNativeTarget "Assignment6-ToDo-UITableViewController" */ = {
			isa = XCConfigurationList;
			buildConfigurations = (
				EFF16E9A26533A5500D96C79 /* Debug */,
				EFF16E9B26533A5500D96C79 /* Release */,
			);
			defaultConfigurationIsVisible = 0;
			defaultConfigurationName = Release;
		};
/* End XCConfigurationList section */
	};
	rootObject = EFF16E7D26533A5400D96C79 /* Project object */;
}
